// !$*UTF8*$!
{
	archiveVersion = 1;
	classes = {
	};
	objectVersion = 46;
	objects = {

/* Begin PBXBuildFile section */
		9923616A19FC462B000E41FD /* NewRelicAgent.framework in Frameworks */ = {isa = PBXBuildFile; fileRef = 9923616919FC462B000E41FD /* NewRelicAgent.framework */; };
		9923616C19FC468F000E41FD /* CoreTelephony.framework in Frameworks */ = {isa = PBXBuildFile; fileRef = 9923616B19FC468F000E41FD /* CoreTelephony.framework */; };
		9923616E19FC46BB000E41FD /* SystemConfiguration.framework in Frameworks */ = {isa = PBXBuildFile; fileRef = 9923616D19FC46BB000E41FD /* SystemConfiguration.framework */; };
		9923617219FC46FB000E41FD /* libc++.dylib in Frameworks */ = {isa = PBXBuildFile; fileRef = 9923617119FC46FB000E41FD /* libc++.dylib */; };
		9923617419FC470C000E41FD /* libz.dylib in Frameworks */ = {isa = PBXBuildFile; fileRef = 9923617319FC470C000E41FD /* libz.dylib */; };
		994A056419BCB55F006BABD7 /* Foundation.framework in Frameworks */ = {isa = PBXBuildFile; fileRef = 994A056319BCB55F006BABD7 /* Foundation.framework */; };
		994A056619BCB55F006BABD7 /* CoreGraphics.framework in Frameworks */ = {isa = PBXBuildFile; fileRef = 994A056519BCB55F006BABD7 /* CoreGraphics.framework */; };
		994A056819BCB55F006BABD7 /* UIKit.framework in Frameworks */ = {isa = PBXBuildFile; fileRef = 994A056719BCB55F006BABD7 /* UIKit.framework */; };
		994A056E19BCB55F006BABD7 /* InfoPlist.strings in Resources */ = {isa = PBXBuildFile; fileRef = 994A056C19BCB55F006BABD7 /* InfoPlist.strings */; };
		994A057019BCB55F006BABD7 /* main.m in Sources */ = {isa = PBXBuildFile; fileRef = 994A056F19BCB55F006BABD7 /* main.m */; };
		994A057419BCB55F006BABD7 /* AppDelegate.m in Sources */ = {isa = PBXBuildFile; fileRef = 994A057319BCB55F006BABD7 /* AppDelegate.m */; };
		994A057719BCB55F006BABD7 /* Main.storyboard in Resources */ = {isa = PBXBuildFile; fileRef = 994A057519BCB55F006BABD7 /* Main.storyboard */; };
		994A057A19BCB55F006BABD7 /* ViewController.m in Sources */ = {isa = PBXBuildFile; fileRef = 994A057919BCB55F006BABD7 /* ViewController.m */; };
		994A057C19BCB55F006BABD7 /* Images.xcassets in Resources */ = {isa = PBXBuildFile; fileRef = 994A057B19BCB55F006BABD7 /* Images.xcassets */; };
		994A058319BCB55F006BABD7 /* XCTest.framework in Frameworks */ = {isa = PBXBuildFile; fileRef = 994A058219BCB55F006BABD7 /* XCTest.framework */; };
		994A058419BCB55F006BABD7 /* Foundation.framework in Frameworks */ = {isa = PBXBuildFile; fileRef = 994A056319BCB55F006BABD7 /* Foundation.framework */; };
		994A058519BCB55F006BABD7 /* UIKit.framework in Frameworks */ = {isa = PBXBuildFile; fileRef = 994A056719BCB55F006BABD7 /* UIKit.framework */; };
		994A058D19BCB55F006BABD7 /* InfoPlist.strings in Resources */ = {isa = PBXBuildFile; fileRef = 994A058B19BCB55F006BABD7 /* InfoPlist.strings */; };
		994A058F19BCB55F006BABD7 /* RatingsTests.m in Sources */ = {isa = PBXBuildFile; fileRef = 994A058E19BCB55F006BABD7 /* RatingsTests.m */; };
		994A059A19BCC9A1006BABD7 /* PlayerViewController.m in Sources */ = {isa = PBXBuildFile; fileRef = 994A059919BCC9A1006BABD7 /* PlayerViewController.m */; };
		994A059D19BCCAA7006BABD7 /* Player.m in Sources */ = {isa = PBXBuildFile; fileRef = 994A059C19BCCAA7006BABD7 /* Player.m */; };
		994A05A019BD118C006BABD7 /* PlayerCell.m in Sources */ = {isa = PBXBuildFile; fileRef = 994A059F19BD118C006BABD7 /* PlayerCell.m */; };
		994A05A319BD5D58006BABD7 /* PlayerDetailsViewController.m in Sources */ = {isa = PBXBuildFile; fileRef = 994A05A219BD5D58006BABD7 /* PlayerDetailsViewController.m */; };
/* End PBXBuildFile section */

/* Begin PBXContainerItemProxy section */
		994A058619BCB55F006BABD7 /* PBXContainerItemProxy */ = {
			isa = PBXContainerItemProxy;
			containerPortal = 994A055819BCB55F006BABD7 /* Project object */;
			proxyType = 1;
			remoteGlobalIDString = 994A055F19BCB55F006BABD7;
			remoteInfo = Ratings;
		};
/* End PBXContainerItemProxy section */

/* Begin PBXFileReference section */
		9923616919FC462B000E41FD /* NewRelicAgent.framework */ = {isa = PBXFileReference; lastKnownFileType = wrapper.framework; path = NewRelicAgent.framework; sourceTree = "<group>"; };
		9923616B19FC468F000E41FD /* CoreTelephony.framework */ = {isa = PBXFileReference; lastKnownFileType = wrapper.framework; name = CoreTelephony.framework; path = System/Library/Frameworks/CoreTelephony.framework; sourceTree = SDKROOT; };
		9923616D19FC46BB000E41FD /* SystemConfiguration.framework */ = {isa = PBXFileReference; lastKnownFileType = wrapper.framework; name = SystemConfiguration.framework; path = System/Library/Frameworks/SystemConfiguration.framework; sourceTree = SDKROOT; };
		9923617119FC46FB000E41FD /* libc++.dylib */ = {isa = PBXFileReference; lastKnownFileType = "compiled.mach-o.dylib"; name = "libc++.dylib"; path = "usr/lib/libc++.dylib"; sourceTree = SDKROOT; };
		9923617319FC470C000E41FD /* libz.dylib */ = {isa = PBXFileReference; lastKnownFileType = "compiled.mach-o.dylib"; name = libz.dylib; path = usr/lib/libz.dylib; sourceTree = SDKROOT; };
		994A056019BCB55F006BABD7 /* Ratings.app */ = {isa = PBXFileReference; explicitFileType = wrapper.application; includeInIndex = 0; path = Ratings.app; sourceTree = BUILT_PRODUCTS_DIR; };
		994A056319BCB55F006BABD7 /* Foundation.framework */ = {isa = PBXFileReference; lastKnownFileType = wrapper.framework; name = Foundation.framework; path = System/Library/Frameworks/Foundation.framework; sourceTree = SDKROOT; };
		994A056519BCB55F006BABD7 /* CoreGraphics.framework */ = {isa = PBXFileReference; lastKnownFileType = wrapper.framework; name = CoreGraphics.framework; path = System/Library/Frameworks/CoreGraphics.framework; sourceTree = SDKROOT; };
		994A056719BCB55F006BABD7 /* UIKit.framework */ = {isa = PBXFileReference; lastKnownFileType = wrapper.framework; name = UIKit.framework; path = System/Library/Frameworks/UIKit.framework; sourceTree = SDKROOT; };
		994A056B19BCB55F006BABD7 /* Ratings-Info.plist */ = {isa = PBXFileReference; lastKnownFileType = text.plist.xml; path = "Ratings-Info.plist"; sourceTree = "<group>"; };
		994A056D19BCB55F006BABD7 /* en */ = {isa = PBXFileReference; lastKnownFileType = text.plist.strings; name = en; path = en.lproj/InfoPlist.strings; sourceTree = "<group>"; };
		994A056F19BCB55F006BABD7 /* main.m */ = {isa = PBXFileReference; lastKnownFileType = sourcecode.c.objc; path = main.m; sourceTree = "<group>"; };
		994A057119BCB55F006BABD7 /* Ratings-Prefix.pch */ = {isa = PBXFileReference; lastKnownFileType = sourcecode.c.h; path = "Ratings-Prefix.pch"; sourceTree = "<group>"; };
		994A057219BCB55F006BABD7 /* AppDelegate.h */ = {isa = PBXFileReference; lastKnownFileType = sourcecode.c.h; path = AppDelegate.h; sourceTree = "<group>"; };
		994A057319BCB55F006BABD7 /* AppDelegate.m */ = {isa = PBXFileReference; lastKnownFileType = sourcecode.c.objc; path = AppDelegate.m; sourceTree = "<group>"; };
		994A057619BCB55F006BABD7 /* Base */ = {isa = PBXFileReference; lastKnownFileType = file.storyboard; name = Base; path = Base.lproj/Main.storyboard; sourceTree = "<group>"; };
		994A057819BCB55F006BABD7 /* ViewController.h */ = {isa = PBXFileReference; lastKnownFileType = sourcecode.c.h; path = ViewController.h; sourceTree = "<group>"; };
		994A057919BCB55F006BABD7 /* ViewController.m */ = {isa = PBXFileReference; lastKnownFileType = sourcecode.c.objc; path = ViewController.m; sourceTree = "<group>"; };
		994A057B19BCB55F006BABD7 /* Images.xcassets */ = {isa = PBXFileReference; lastKnownFileType = folder.assetcatalog; path = Images.xcassets; sourceTree = "<group>"; };
		994A058119BCB55F006BABD7 /* RatingsTests.xctest */ = {isa = PBXFileReference; explicitFileType = wrapper.cfbundle; includeInIndex = 0; path = RatingsTests.xctest; sourceTree = BUILT_PRODUCTS_DIR; };
		994A058219BCB55F006BABD7 /* XCTest.framework */ = {isa = PBXFileReference; lastKnownFileType = wrapper.framework; name = XCTest.framework; path = Library/Frameworks/XCTest.framework; sourceTree = DEVELOPER_DIR; };
		994A058A19BCB55F006BABD7 /* RatingsTests-Info.plist */ = {isa = PBXFileReference; lastKnownFileType = text.plist.xml; path = "RatingsTests-Info.plist"; sourceTree = "<group>"; };
		994A058C19BCB55F006BABD7 /* en */ = {isa = PBXFileReference; lastKnownFileType = text.plist.strings; name = en; path = en.lproj/InfoPlist.strings; sourceTree = "<group>"; };
		994A058E19BCB55F006BABD7 /* RatingsTests.m */ = {isa = PBXFileReference; lastKnownFileType = sourcecode.c.objc; path = RatingsTests.m; sourceTree = "<group>"; };
		994A059819BCC9A1006BABD7 /* PlayerViewController.h */ = {isa = PBXFileReference; fileEncoding = 4; lastKnownFileType = sourcecode.c.h; path = PlayerViewController.h; sourceTree = "<group>"; };
		994A059919BCC9A1006BABD7 /* PlayerViewController.m */ = {isa = PBXFileReference; fileEncoding = 4; lastKnownFileType = sourcecode.c.objc; path = PlayerViewController.m; sourceTree = "<group>"; };
		994A059B19BCCAA7006BABD7 /* Player.h */ = {isa = PBXFileReference; fileEncoding = 4; lastKnownFileType = sourcecode.c.h; path = Player.h; sourceTree = "<group>"; };
		994A059C19BCCAA7006BABD7 /* Player.m */ = {isa = PBXFileReference; fileEncoding = 4; lastKnownFileType = sourcecode.c.objc; path = Player.m; sourceTree = "<group>"; };
		994A059E19BD118C006BABD7 /* PlayerCell.h */ = {isa = PBXFileReference; fileEncoding = 4; lastKnownFileType = sourcecode.c.h; path = PlayerCell.h; sourceTree = "<group>"; };
		994A059F19BD118C006BABD7 /* PlayerCell.m */ = {isa = PBXFileReference; fileEncoding = 4; lastKnownFileType = sourcecode.c.objc; path = PlayerCell.m; sourceTree = "<group>"; };
		994A05A119BD5D58006BABD7 /* PlayerDetailsViewController.h */ = {isa = PBXFileReference; fileEncoding = 4; lastKnownFileType = sourcecode.c.h; path = PlayerDetailsViewController.h; sourceTree = "<group>"; };
		994A05A219BD5D58006BABD7 /* PlayerDetailsViewController.m */ = {isa = PBXFileReference; fileEncoding = 4; lastKnownFileType = sourcecode.c.objc; path = PlayerDetailsViewController.m; sourceTree = "<group>"; };
/* End PBXFileReference section */

/* Begin PBXFrameworksBuildPhase section */
		994A055D19BCB55F006BABD7 /* Frameworks */ = {
			isa = PBXFrameworksBuildPhase;
			buildActionMask = 2147483647;
			files = (
				9923617419FC470C000E41FD /* libz.dylib in Frameworks */,
				9923617219FC46FB000E41FD /* libc++.dylib in Frameworks */,
				9923616E19FC46BB000E41FD /* SystemConfiguration.framework in Frameworks */,
				9923616C19FC468F000E41FD /* CoreTelephony.framework in Frameworks */,
				994A056619BCB55F006BABD7 /* CoreGraphics.framework in Frameworks */,
				994A056819BCB55F006BABD7 /* UIKit.framework in Frameworks */,
				994A056419BCB55F006BABD7 /* Foundation.framework in Frameworks */,
				9923616A19FC462B000E41FD /* NewRelicAgent.framework in Frameworks */,
			);
			runOnlyForDeploymentPostprocessing = 0;
		};
		994A057E19BCB55F006BABD7 /* Frameworks */ = {
			isa = PBXFrameworksBuildPhase;
			buildActionMask = 2147483647;
			files = (
				994A058319BCB55F006BABD7 /* XCTest.framework in Frameworks */,
				994A058519BCB55F006BABD7 /* UIKit.framework in Frameworks */,
				994A058419BCB55F006BABD7 /* Foundation.framework in Frameworks */,
			);
			runOnlyForDeploymentPostprocessing = 0;
		};
/* End PBXFrameworksBuildPhase section */

/* Begin PBXGroup section */
		994A055719BCB55F006BABD7 = {
			isa = PBXGroup;
			children = (
				994A056919BCB55F006BABD7 /* Ratings */,
				994A058819BCB55F006BABD7 /* RatingsTests */,
				994A056219BCB55F006BABD7 /* Frameworks */,
				994A056119BCB55F006BABD7 /* Products */,
			);
			sourceTree = "<group>";
		};
		994A056119BCB55F006BABD7 /* Products */ = {
			isa = PBXGroup;
			children = (
				994A056019BCB55F006BABD7 /* Ratings.app */,
				994A058119BCB55F006BABD7 /* RatingsTests.xctest */,
			);
			name = Products;
			sourceTree = "<group>";
		};
		994A056219BCB55F006BABD7 /* Frameworks */ = {
			isa = PBXGroup;
			children = (
				9923617319FC470C000E41FD /* libz.dylib */,
				9923617119FC46FB000E41FD /* libc++.dylib */,
				9923616D19FC46BB000E41FD /* SystemConfiguration.framework */,
				9923616B19FC468F000E41FD /* CoreTelephony.framework */,
				9923616919FC462B000E41FD /* NewRelicAgent.framework */,
				994A056319BCB55F006BABD7 /* Foundation.framework */,
				994A056519BCB55F006BABD7 /* CoreGraphics.framework */,
				994A056719BCB55F006BABD7 /* UIKit.framework */,
				994A058219BCB55F006BABD7 /* XCTest.framework */,
			);
			name = Frameworks;
			sourceTree = "<group>";
		};
		994A056919BCB55F006BABD7 /* Ratings */ = {
			isa = PBXGroup;
			children = (
				994A057219BCB55F006BABD7 /* AppDelegate.h */,
				994A057319BCB55F006BABD7 /* AppDelegate.m */,
				994A057519BCB55F006BABD7 /* Main.storyboard */,
				994A05A119BD5D58006BABD7 /* PlayerDetailsViewController.h */,
				994A05A219BD5D58006BABD7 /* PlayerDetailsViewController.m */,
				994A059E19BD118C006BABD7 /* PlayerCell.h */,
				994A059F19BD118C006BABD7 /* PlayerCell.m */,
				994A059819BCC9A1006BABD7 /* PlayerViewController.h */,
				994A059919BCC9A1006BABD7 /* PlayerViewController.m */,
				994A059B19BCCAA7006BABD7 /* Player.h */,
				994A059C19BCCAA7006BABD7 /* Player.m */,
				994A057819BCB55F006BABD7 /* ViewController.h */,
				994A057919BCB55F006BABD7 /* ViewController.m */,
				994A057B19BCB55F006BABD7 /* Images.xcassets */,
				994A056A19BCB55F006BABD7 /* Supporting Files */,
			);
			path = Ratings;
			sourceTree = "<group>";
		};
		994A056A19BCB55F006BABD7 /* Supporting Files */ = {
			isa = PBXGroup;
			children = (
				994A056B19BCB55F006BABD7 /* Ratings-Info.plist */,
				994A056C19BCB55F006BABD7 /* InfoPlist.strings */,
				994A056F19BCB55F006BABD7 /* main.m */,
				994A057119BCB55F006BABD7 /* Ratings-Prefix.pch */,
			);
			name = "Supporting Files";
			sourceTree = "<group>";
		};
		994A058819BCB55F006BABD7 /* RatingsTests */ = {
			isa = PBXGroup;
			children = (
				994A058E19BCB55F006BABD7 /* RatingsTests.m */,
				994A058919BCB55F006BABD7 /* Supporting Files */,
			);
			path = RatingsTests;
			sourceTree = "<group>";
		};
		994A058919BCB55F006BABD7 /* Supporting Files */ = {
			isa = PBXGroup;
			children = (
				994A058A19BCB55F006BABD7 /* RatingsTests-Info.plist */,
				994A058B19BCB55F006BABD7 /* InfoPlist.strings */,
			);
			name = "Supporting Files";
			sourceTree = "<group>";
		};
/* End PBXGroup section */

/* Begin PBXNativeTarget section */
		994A055F19BCB55F006BABD7 /* Ratings */ = {
			isa = PBXNativeTarget;
			buildConfigurationList = 994A059219BCB55F006BABD7 /* Build configuration list for PBXNativeTarget "Ratings" */;
			buildPhases = (
				994A055C19BCB55F006BABD7 /* Sources */,
				994A055D19BCB55F006BABD7 /* Frameworks */,
				994A055E19BCB55F006BABD7 /* Resources */,
				9923617519FC47BF000E41FD /* ShellScript */,
			);
			buildRules = (
			);
			dependencies = (
			);
			name = Ratings;
			productName = Ratings;
			productReference = 994A056019BCB55F006BABD7 /* Ratings.app */;
			productType = "com.apple.product-type.application";
		};
		994A058019BCB55F006BABD7 /* RatingsTests */ = {
			isa = PBXNativeTarget;
			buildConfigurationList = 994A059519BCB55F006BABD7 /* Build configuration list for PBXNativeTarget "RatingsTests" */;
			buildPhases = (
				994A057D19BCB55F006BABD7 /* Sources */,
				994A057E19BCB55F006BABD7 /* Frameworks */,
				994A057F19BCB55F006BABD7 /* Resources */,
			);
			buildRules = (
			);
			dependencies = (
				994A058719BCB55F006BABD7 /* PBXTargetDependency */,
			);
			name = RatingsTests;
			productName = RatingsTests;
			productReference = 994A058119BCB55F006BABD7 /* RatingsTests.xctest */;
			productType = "com.apple.product-type.bundle.unit-test";
		};
/* End PBXNativeTarget section */

/* Begin PBXProject section */
		994A055819BCB55F006BABD7 /* Project object */ = {
			isa = PBXProject;
			attributes = {
				LastUpgradeCheck = 0510;
				ORGANIZATIONNAME = "Digital Javelina";
				TargetAttributes = {
					994A058019BCB55F006BABD7 = {
						TestTargetID = 994A055F19BCB55F006BABD7;
					};
				};
			};
			buildConfigurationList = 994A055B19BCB55F006BABD7 /* Build configuration list for PBXProject "Ratings" */;
			compatibilityVersion = "Xcode 3.2";
			developmentRegion = English;
			hasScannedForEncodings = 0;
			knownRegions = (
				en,
				Base,
			);
			mainGroup = 994A055719BCB55F006BABD7;
			productRefGroup = 994A056119BCB55F006BABD7 /* Products */;
			projectDirPath = "";
			projectRoot = "";
			targets = (
				994A055F19BCB55F006BABD7 /* Ratings */,
				994A058019BCB55F006BABD7 /* RatingsTests */,
			);
		};
/* End PBXProject section */

/* Begin PBXResourcesBuildPhase section */
		994A055E19BCB55F006BABD7 /* Resources */ = {
			isa = PBXResourcesBuildPhase;
			buildActionMask = 2147483647;
			files = (
				994A057C19BCB55F006BABD7 /* Images.xcassets in Resources */,
				994A056E19BCB55F006BABD7 /* InfoPlist.strings in Resources */,
				994A057719BCB55F006BABD7 /* Main.storyboard in Resources */,
			);
			runOnlyForDeploymentPostprocessing = 0;
		};
		994A057F19BCB55F006BABD7 /* Resources */ = {
			isa = PBXResourcesBuildPhase;
			buildActionMask = 2147483647;
			files = (
				994A058D19BCB55F006BABD7 /* InfoPlist.strings in Resources */,
			);
			runOnlyForDeploymentPostprocessing = 0;
		};
/* End PBXResourcesBuildPhase section */

/* Begin PBXShellScriptBuildPhase section */
		9923617519FC47BF000E41FD /* ShellScript */ = {
			isa = PBXShellScriptBuildPhase;
			buildActionMask = 2147483647;
			files = (
			);
			inputPaths = (
			);
			outputPaths = (
			);
			runOnlyForDeploymentPostprocessing = 0;
			shellPath = /bin/sh;
			shellScript = "SCRIPT=`/usr/bin/find \"${SRCROOT}\" -name newrelic_postbuild.sh | head -n 1`\n\n/bin/sh \"${SCRIPT}\" \"AAeaa5f55b79c864baec2ade6f82f8d7928020bfe1\"";
		};
/* End PBXShellScriptBuildPhase section */

/* Begin PBXSourcesBuildPhase section */
		994A055C19BCB55F006BABD7 /* Sources */ = {
			isa = PBXSourcesBuildPhase;
			buildActionMask = 2147483647;
			files = (
				994A057A19BCB55F006BABD7 /* ViewController.m in Sources */,
				994A059A19BCC9A1006BABD7 /* PlayerViewController.m in Sources */,
				994A057419BCB55F006BABD7 /* AppDelegate.m in Sources */,
				994A057019BCB55F006BABD7 /* main.m in Sources */,
				994A05A019BD118C006BABD7 /* PlayerCell.m in Sources */,
				994A059D19BCCAA7006BABD7 /* Player.m in Sources */,
				994A05A319BD5D58006BABD7 /* PlayerDetailsViewController.m in Sources */,
			);
			runOnlyForDeploymentPostprocessing = 0;
		};
		994A057D19BCB55F006BABD7 /* Sources */ = {
			isa = PBXSourcesBuildPhase;
			buildActionMask = 2147483647;
			files = (
				994A058F19BCB55F006BABD7 /* RatingsTests.m in Sources */,
			);
			runOnlyForDeploymentPostprocessing = 0;
		};
/* End PBXSourcesBuildPhase section */

/* Begin PBXTargetDependency section */
		994A058719BCB55F006BABD7 /* PBXTargetDependency */ = {
			isa = PBXTargetDependency;
			target = 994A055F19BCB55F006BABD7 /* Ratings */;
			targetProxy = 994A058619BCB55F006BABD7 /* PBXContainerItemProxy */;
		};
/* End PBXTargetDependency section */

/* Begin PBXVariantGroup section */
		994A056C19BCB55F006BABD7 /* InfoPlist.strings */ = {
			isa = PBXVariantGroup;
			children = (
				994A056D19BCB55F006BABD7 /* en */,
			);
			name = InfoPlist.strings;
			sourceTree = "<group>";
		};
		994A057519BCB55F006BABD7 /* Main.storyboard */ = {
			isa = PBXVariantGroup;
			children = (
				994A057619BCB55F006BABD7 /* Base */,
			);
			name = Main.storyboard;
			sourceTree = "<group>";
		};
		994A058B19BCB55F006BABD7 /* InfoPlist.strings */ = {
			isa = PBXVariantGroup;
			children = (
				994A058C19BCB55F006BABD7 /* en */,
			);
			name = InfoPlist.strings;
			sourceTree = "<group>";
		};
/* End PBXVariantGroup section */

/* Begin XCBuildConfiguration section */
		994A059019BCB55F006BABD7 /* Debug */ = {
			isa = XCBuildConfiguration;
			buildSettings = {
				ALWAYS_SEARCH_USER_PATHS = NO;
				CLANG_CXX_LANGUAGE_STANDARD = "gnu++0x";
				CLANG_CXX_LIBRARY = "libc++";
				CLANG_ENABLE_MODULES = YES;
				CLANG_ENABLE_OBJC_ARC = YES;
				CLANG_WARN_BOOL_CONVERSION = YES;
				CLANG_WARN_CONSTANT_CONVERSION = YES;
				CLANG_WARN_DIRECT_OBJC_ISA_USAGE = YES_ERROR;
				CLANG_WARN_EMPTY_BODY = YES;
				CLANG_WARN_ENUM_CONVERSION = YES;
				CLANG_WARN_INT_CONVERSION = YES;
				CLANG_WARN_OBJC_ROOT_CLASS = YES_ERROR;
				CLANG_WARN__DUPLICATE_METHOD_MATCH = YES;
				"CODE_SIGN_IDENTITY[sdk=iphoneos*]" = "iPhone Developer";
				COPY_PHASE_STRIP = NO;
				GCC_C_LANGUAGE_STANDARD = gnu99;
				GCC_DYNAMIC_NO_PIC = NO;
				GCC_OPTIMIZATION_LEVEL = 0;
				GCC_PREPROCESSOR_DEFINITIONS = (
					"DEBUG=1",
					"$(inherited)",
				);
				GCC_SYMBOLS_PRIVATE_EXTERN = NO;
				GCC_WARN_64_TO_32_BIT_CONVERSION = YES;
				GCC_WARN_ABOUT_RETURN_TYPE = YES_ERROR;
				GCC_WARN_UNDECLARED_SELECTOR = YES;
				GCC_WARN_UNINITIALIZED_AUTOS = YES_AGGRESSIVE;
				GCC_WARN_UNUSED_FUNCTION = YES;
				GCC_WARN_UNUSED_VARIABLE = YES;
				IPHONEOS_DEPLOYMENT_TARGET = 7.1;
				ONLY_ACTIVE_ARCH = YES;
				SDKROOT = iphoneos;
			};
			name = Debug;
		};
		994A059119BCB55F006BABD7 /* Release */ = {
			isa = XCBuildConfiguration;
			buildSettings = {
				ALWAYS_SEARCH_USER_PATHS = NO;
				CLANG_CXX_LANGUAGE_STANDARD = "gnu++0x";
				CLANG_CXX_LIBRARY = "libc++";
				CLANG_ENABLE_MODULES = YES;
				CLANG_ENABLE_OBJC_ARC = YES;
				CLANG_WARN_BOOL_CONVERSION = YES;
				CLANG_WARN_CONSTANT_CONVERSION = YES;
				CLANG_WARN_DIRECT_OBJC_ISA_USAGE = YES_ERROR;
				CLANG_WARN_EMPTY_BODY = YES;
				CLANG_WARN_ENUM_CONVERSION = YES;
				CLANG_WARN_INT_CONVERSION = YES;
				CLANG_WARN_OBJC_ROOT_CLASS = YES_ERROR;
				CLANG_WARN__DUPLICATE_METHOD_MATCH = YES;
				"CODE_SIGN_IDENTITY[sdk=iphoneos*]" = "iPhone Developer";
				COPY_PHASE_STRIP = YES;
				ENABLE_NS_ASSERTIONS = NO;
				GCC_C_LANGUAGE_STANDARD = gnu99;
				GCC_WARN_64_TO_32_BIT_CONVERSION = YES;
				GCC_WARN_ABOUT_RETURN_TYPE = YES_ERROR;
				GCC_WARN_UNDECLARED_SELECTOR = YES;
				GCC_WARN_UNINITIALIZED_AUTOS = YES_AGGRESSIVE;
				GCC_WARN_UNUSED_FUNCTION = YES;
				GCC_WARN_UNUSED_VARIABLE = YES;
				IPHONEOS_DEPLOYMENT_TARGET = 7.1;
				SDKROOT = iphoneos;
				VALIDATE_PRODUCT = YES;
			};
			name = Release;
		};
		994A059319BCB55F006BABD7 /* Debug */ = {
			isa = XCBuildConfiguration;
			buildSettings = {
				ASSETCATALOG_COMPILER_APPICON_NAME = AppIcon;
				ASSETCATALOG_COMPILER_LAUNCHIMAGE_NAME = LaunchImage;
				FRAMEWORK_SEARCH_PATHS = (
					"$(inherited)",
					"$(PROJECT_DIR)",
				);
				GCC_PRECOMPILE_PREFIX_HEADER = YES;
				GCC_PREFIX_HEADER = "Ratings/Ratings-Prefix.pch";
				INFOPLIST_FILE = "Ratings/Ratings-Info.plist";
				PRODUCT_NAME = "$(TARGET_NAME)";
				WRAPPER_EXTENSION = app;
			};
			name = Debug;
		};
		994A059419BCB55F006BABD7 /* Release */ = {
			isa = XCBuildConfiguration;
			buildSettings = {
				ASSETCATALOG_COMPILER_APPICON_NAME = AppIcon;
				ASSETCATALOG_COMPILER_LAUNCHIMAGE_NAME = LaunchImage;
				FRAMEWORK_SEARCH_PATHS = (
					"$(inherited)",
					"$(PROJECT_DIR)",
				);
				GCC_PRECOMPILE_PREFIX_HEADER = YES;
				GCC_PREFIX_HEADER = "Ratings/Ratings-Prefix.pch";
				INFOPLIST_FILE = "Ratings/Ratings-Info.plist";
				PRODUCT_NAME = "$(TARGET_NAME)";
				WRAPPER_EXTENSION = app;
			};
			name = Release;
		};
		994A059619BCB55F006BABD7 /* Debug */ = {
			isa = XCBuildConfiguration;
			buildSettings = {
				BUNDLE_LOADER = "$(BUILT_PRODUCTS_DIR)/Ratings.app/Ratings";
				FRAMEWORK_SEARCH_PATHS = (
					"$(SDKROOT)/Developer/Library/Frameworks",
					"$(inherited)",
					"$(DEVELOPER_FRAMEWORKS_DIR)",
				);
				GCC_PRECOMPILE_PREFIX_HEADER = YES;
				GCC_PREFIX_HEADER = "Ratings/Ratings-Prefix.pch";
				GCC_PREPROCESSOR_DEFINITIONS = (
					"DEBUG=1",
					"$(inherited)",
				);
				INFOPLIST_FILE = "RatingsTests/RatingsTests-Info.plist";
				PRODUCT_NAME = "$(TARGET_NAME)";
				TEST_HOST = "$(BUNDLE_LOADER)";
				WRAPPER_EXTENSION = xctest;
			};
			name = Debug;
		};
		994A059719BCB55F006BABD7 /* Release */ = {
			isa = XCBuildConfiguration;
			buildSettings = {
				BUNDLE_LOADER = "$(BUILT_PRODUCTS_DIR)/Ratings.app/Ratings";
				FRAMEWORK_SEARCH_PATHS = (
					"$(SDKROOT)/Developer/Library/Frameworks",
					"$(inherited)",
					"$(DEVELOPER_FRAMEWORKS_DIR)",
				);
				GCC_PRECOMPILE_PREFIX_HEADER = YES;
				GCC_PREFIX_HEADER = "Ratings/Ratings-Prefix.pch";
				INFOPLIST_FILE = "RatingsTests/RatingsTests-Info.plist";
				PRODUCT_NAME = "$(TARGET_NAME)";
				TEST_HOST = "$(BUNDLE_LOADER)";
				WRAPPER_EXTENSION = xctest;
			};
			name = Release;
		};
/* End XCBuildConfiguration section */

/* Begin XCConfigurationList section */
		994A055B19BCB55F006BABD7 /* Build configuration list for PBXProject "Ratings" */ = {
			isa = XCConfigurationList;
			buildConfigurations = (
				994A059019BCB55F006BABD7 /* Debug */,
				994A059119BCB55F006BABD7 /* Release */,
			);
			defaultConfigurationIsVisible = 0;
			defaultConfigurationName = Release;
		};
		994A059219BCB55F006BABD7 /* Build configuration list for PBXNativeTarget "Ratings" */ = {
			isa = XCConfigurationList;
			buildConfigurations = (
				994A059319BCB55F006BABD7 /* Debug */,
				994A059419BCB55F006BABD7 /* Release */,
			);
			defaultConfigurationIsVisible = 0;
			defaultConfigurationName = Release;
		};
		994A059519BCB55F006BABD7 /* Build configuration list for PBXNativeTarget "RatingsTests" */ = {
			isa = XCConfigurationList;
			buildConfigurations = (
				994A059619BCB55F006BABD7 /* Debug */,
				994A059719BCB55F006BABD7 /* Release */,
			);
			defaultConfigurationIsVisible = 0;
			defaultConfigurationName = Release;
		};
/* End XCConfigurationList section */
	};
	rootObject = 994A055819BCB55F006BABD7 /* Project object */;
}
